{
  "nodes": {
    "nixpkgs": {
      "locked": {
        "lastModified": 1790578696,
        "narHash": "sha256-ZoxIApko70jCdbH3l20HWXOBaT2HZd87orzd2yJ9dVE=",
        "owner": "NixOS",
        "repo": "nixpkgs",
        "rev": "7a0f122f5090cf4c2ade2a13a0e229d4e19ba71f",
        "type": "github"
      },
      "original": {
        "owner": "NixOS",
        "ref": "nixos-unstable",
        "repo": "nixpkgs",
        "type": "github"
      }
    },
    "openlina-kit": {
      "flake": false,
      "locked": {
        "lastModified": 1790846210,
        "narHash": "sha256-MZK/0AAP5Ey7fITaxiCIKgrXRY9PiB+e6qNihZk2Zfs=",
        "owner": "Proxtx",
        "repo": "openlina-kit",
        "rev": "3c578f06926c469feba3a865d5ae0ee71bd9fc7c",
        "type": "github"
      },
      "original": {
        "owner": "Proxtx",
        "ref": "v0.1.0",
        "repo": "openlina-kit",
        "type": "github"
      }
    },
    "root": {
      "inputs": {
        "nixpkgs": "nixpkgs",
        "openlina-kit": "openlina-kit",
        "rust-overlay": "rust-overlay"
      }
    },
    "rust-overlay": {
      "inputs": {
        "nixpkgs": [
          "nixpkgs"
        ]
      },
      "locked": {
        "lastModified": 1790669703,
        "narHash": "sha256-PA75DaxgfJSDNr1eDF/l9TDfNxSUAjPRt08fICQWOqc=",
        "owner": "oxalica",
        "repo": "rust-overlay",
        "rev": "49b6548d31019e8bfe9d4415193ac1df3c48f53a",
        "type": "github"
      },
      "original": {
        "owner": "oxalica",
        "repo": "rust-overlay",
        "type": "github"
      }
    }
  },
  "root": "root",
  "version": 7
}
